{
  "execution_attempt": "001",
  "study_id": "mamba3_gap_trap_centered_confirmation_001",
  "execution_commit": "23468e74389aed841aab0ac16b370c5ce376e328",
  "source_hash": "ec0ab4281cb7fdba01e0f8465d7c144895894038eeed2517aaa633ebc157bef5",
  "source_manifest_sha256": "666617b17cb20b683b47446c2197fea0eded5815e57da3c4ff693dd3ce47c8ee",
  "plan_sha256": "1fdf940b88f178067421dff60eb93df9ab9c2e8de76b28b7a0f841076d5253a3",
  "core_hash": "460bd3e687d26a458cafc21960391f83905da962ca5c992d6062c7b048f0a73f",
  "pinned_commit": "e9594ce1c732d97440f0332fdc43170a2294dbfa",
  "policy_version": "mimo_numeric_acceptance_v1",
  "policy_sha256": "216fbde21dcd5d349857bef8ef963e535d92aefee1e971e0de91d67385de43b7",
  "inherited_admission_sha256": "ed3ad56a0beaf24bd7e3e17276fa0f80b0e306689f614b8abe24e37b0659b169",
  "inherited_smoke_sha256": "e3fafa7f257c18cbc46b8c9fff982145c15bf8c136c310f8eb1b0de79c43f832",
  "pilot_execution_commit": "e4e31370e29c2a34c5f0f1071046fccebd77c289",
  "pilot_job_id": "4371876",
  "architecture": "MIMO",
  "backend": "upstream",
  "rank": 4,
  "chunk": 8,
  "TEST": "NOT_RUN",
  "test_evaluation_count": 0,
  "source_index_sha256": "f2746cef640dd989d40cc28ce084521a6c7d08ea56bf493f54c6b362558e21d7",
  "job_id": "4372023",
  "reservation_token": "d07b267a460f660d3542890f540e86a9",
  "reservation_sha256": "683ddb5945eb05746b5bb93c307431c97b8ed7f516035c7445db671f3ecd594a",
  "login_verification_sha256": "299f48503b0622cf8e38dada1bd13ea26b806efefc3d9ca702036ace1208730a",
  "mode": "dual",
  "gap_trap_mode": "centered_gap_trap",
  "seed": 2030,
  "run_id": "mamba3_gaptrap_centered_confirm_centered_seed2030_001",
  "inherited_record_sha256": "75284ce20327be55354035549a5d3df461851ab882d00a1f8002be0544c3dd5e",
  "status": "RUNNING",
  "stage": "SETUP",
  "scientific_fit_started": false,
  "history": [],
  "actual_epochs": 0,
  "started_at": "2026-10-03T07:26:29.920214+00:00",
  "epoch_indexing": "zero-based",
  "selection_split": "VALID",
  "evaluation_mode": "full-ranking",
  "history_length": 50,
  "kernel_length_for_max_history": 56,
  "timing_caveat": "Includes first-use JIT/cache effects, not warm-kernel latency"
}
