{
  "execution_attempt": "001",
  "study_id": "mamba3_absolute_phase_001",
  "execution_commit": "11913ff8fe99aa28f124d667e2ae3aad14465098",
  "source_hash": "4c404906e61121f967307e8c3e97a63e9a476711202a4a5baa005ef9899574c6",
  "source_manifest_sha256": "6d4a529b6eb7a64f672e2af66d2760be51e2ffa547bb60fef6e278c7a9e2c0c7",
  "plan_sha256": "bdaf20ed3c7986df98938a201324727397afb733e91ce237ab238541a380b650",
  "core_hash": "460bd3e687d26a458cafc21960391f83905da962ca5c992d6062c7b048f0a73f",
  "pinned_commit": "e9594ce1c732d97440f0332fdc43170a2294dbfa",
  "policy_version": "mimo_numeric_acceptance_v1",
  "policy_sha256": "216fbde21dcd5d349857bef8ef963e535d92aefee1e971e0de91d67385de43b7",
  "inherited_admission_sha256": "c673524fda1a41d472c6cafebca7e25dad5cd7bd5df99fa772dfdcd4ee8bd5bc",
  "inherited_smoke_sha256": "ac17c67b3fc411fce5cbdd53a855e75392d5bfd953b29a434e7237f135e7db9b",
  "pilot_execution_commit": "c1dd31eec7907c67348769b6a1811b89aa4011c0",
  "pilot_job_id": "4358147",
  "architecture": "MIMO",
  "backend": "upstream",
  "rank": 4,
  "chunk": 8,
  "TEST": "NOT_RUN",
  "test_evaluation_count": 0,
  "study_phase": "pilot",
  "job_id": "4374917",
  "reservation_token": "99349cd9978cc96c08532f093679aaa1",
  "reservation_sha256": "c4e0a9c671e7778e4e4e27af0e39729a17e36fb368bbc95e140c7d0cbe5c7aa3",
  "login_verification_sha256": "e0db73e98fecacad270cd38581ead917a31dc6953d91e78c0e198fd9d9a119b6",
  "coverage_sha256": "ea63a9a73f079d144437be247ad820986c04da0838ca58f87738e7b2c0a5b553",
  "confirmation_decision_sha256": null,
  "mode": "dual",
  "phase_mode": "relative_phase",
  "seed": 2026,
  "run_id": "mamba3_absolute_phase_relative_phase_seed2026_001",
  "targeted_gate_sha256": "c3bdc0c878add5b342c442e96f72860db3a3d7c120054d6780aedad009b29e58",
  "smoke_sha256": "e1f866d3ed7d602493e078c7ebe5c65d449f4aba8317c887eea8664b1ece01b6",
  "status": "RUNNING",
  "stage": "SETUP",
  "scientific_fit_started": false,
  "history": [],
  "actual_epochs": 0,
  "started_at": "2026-10-04T08:33:36.877971+00:00",
  "epoch_indexing": "zero-based",
  "selection_split": "VALID",
  "evaluation_mode": "full-ranking",
  "history_length": 50,
  "kernel_length_for_max_history": 56,
  "timing_caveat": "Includes first-use JIT/cache effects, not warm-kernel latency"
}
