{
  "execution_commit": "995c5cde6449ea429c1d80ca6ab276b9791041c0",
  "source_hash": "1fd03ab81df89b81417796e9b715f2c6b1e176eebdccf6600408df759f8e8741",
  "core_hash": "460bd3e687d26a458cafc21960391f83905da962ca5c992d6062c7b048f0a73f",
  "policy_sha256": "b40f72eae5895c379143e8ef590a66f7dab80b9b61e1f1349fcdf16efb509c50",
  "historical_manifest_sha256": "5da5b4ecf006edfbb7852b74465529a6d6bc2c32523719fbd585284fc934a86c",
  "plan_sha256": "54e2804f5bceb592ab8f9194ec4aeaf9bac00eb08deb1474122a22f6d2740244",
  "source_manifest_sha256": "a81feb201db2052b23bade881982f4dffac37ba157ca2500d0bdf0a4a7cdda1b",
  "resume_plan_sha256": "761c66c4a62638bcef046ab4f1b0f542ce21c21ed0a933883a6daaa89e29930d",
  "lineage_sha256": "18d975609d0dc709c051405fc9e1a5b72fd23035d1e9a467ed3e4178802c7d41",
  "parent_job": "4355052",
  "parent_execution_commit": "3d3b305c4c74e208cd226d3ed4ccec37b4fd8311",
  "parent_source_hash": "0e93a9aec6d152f5f13dd5ccae30d8a761c09e552aecc4d7d884e573da8f7785",
  "study_id": "mamba3_three_time_siso_confirmation_001",
  "job_id": "4355314",
  "pinned_commit": "e9594ce1c732d97440f0332fdc43170a2294dbfa",
  "backend": "upstream",
  "architecture": "SISO",
  "policy_version": "siso_numeric_acceptance_v1",
  "admission_sha256": "574826c7d8777058d5c87788b9adcd411c8f9ce88f872ae8dd31569f1cd885c7",
  "TEST": "NOT_RUN",
  "test_evaluation_count": 0,
  "execution_attempt": 3,
  "submission_attempt": 3,
  "login_verification_sha256": "8ef1360890d76d4cc9e62e177d189da72673d12a5b7629adc899098ebacd806d",
  "execution_commit_verification": "login-verified identifier + runtime file SHA256; not runtime Git HEAD",
  "mode": "triple",
  "seed": 2029,
  "run_id": "mamba3_three_time_confirm_siso_triple_seed2029_001",
  "status": "RUNNING",
  "stage": "SETUP",
  "scientific_fit_started": false,
  "started_at": "2026-09-27T12:36:52.692869+00:00",
  "epoch_indexing": "zero-based",
  "selection_split": "VALID",
  "evaluation_mode": "full-ranking",
  "one_batch_sha256": "ef8a03fe1b83ef5d5a10dfcb6877a62c2b54d450f48d4cfb20fbb017e3ae1c54",
  "initialization_sha256": "ad50042957f8cb8fc83096280202e53672fd62efe09fae5c47628ac04bedf6ab"
}
