{
  "execution_attempt": "002",
  "study_id": "mamba3_gap_trap_centered_001",
  "execution_commit": "e4e31370e29c2a34c5f0f1071046fccebd77c289",
  "source_hash": "638b836780af7b6f9065546c128cb8ac2451c5d8af3581855029eea515c2ca10",
  "source_manifest_sha256": "99ddd205f8130870c98b6fcc896f2469a867f87747f0f5bd127a277c8de92959",
  "plan_sha256": "1eb64d70e55a7d59c2094113185d96b85dbb28df523690832b5133321c93c8e8",
  "core_hash": "460bd3e687d26a458cafc21960391f83905da962ca5c992d6062c7b048f0a73f",
  "pinned_commit": "e9594ce1c732d97440f0332fdc43170a2294dbfa",
  "policy_version": "mimo_numeric_acceptance_v1",
  "policy_sha256": "216fbde21dcd5d349857bef8ef963e535d92aefee1e971e0de91d67385de43b7",
  "inherited_admission_sha256": "c673524fda1a41d472c6cafebca7e25dad5cd7bd5df99fa772dfdcd4ee8bd5bc",
  "inherited_smoke_sha256": "ac17c67b3fc411fce5cbdd53a855e75392d5bfd953b29a434e7237f135e7db9b",
  "pilot_execution_commit": "c1dd31eec7907c67348769b6a1811b89aa4011c0",
  "pilot_job_id": "4358147",
  "architecture": "MIMO",
  "backend": "upstream",
  "rank": 4,
  "chunk": 8,
  "TEST": "NOT_RUN",
  "test_evaluation_count": 0,
  "previous_job_id": "4371302",
  "previous_failure_audit_sha256": "dc0ab67cb52ab3f1d4bb2b95648ec9485be1e981abc5a29161e8816db16a4872",
  "job_id": "4371876",
  "reservation_token": "e30e75a724d196146130c19291636acd",
  "reservation_sha256": "deaa7164fdbd405b9bd6e09e49d6ddda5fc9d385a499b670fd247100c9ca66ec",
  "login_verification_sha256": "bef8d18129fedf9b104336822bd90c45732428c9729d873be9a1df2056cb5bd9"
}
