{
  "execution_attempt": "002",
  "study_id": "mamba3_time_addressed_memory_pilot_001",
  "execution_commit": "53bcc76752d0d7fd06c8ba0866709a64cd978165",
  "source_hash": "ad4565d171b78c83831ef84c139a4912af2022a04fdb39fdfd5b4a858461f5e6",
  "source_manifest_sha256": "d1d81e90f7a66c535ff4284a34790ad06166fe050b61a642d2df13bce2f5e91a",
  "plan_sha256": "7400ea8e3364c44720e4a3fd356eecd1d63b1fa5818b4445f5e185373a8936de",
  "core_hash": "460bd3e687d26a458cafc21960391f83905da962ca5c992d6062c7b048f0a73f",
  "pinned_commit": "e9594ce1c732d97440f0332fdc43170a2294dbfa",
  "policy_version": "mimo_numeric_acceptance_v1",
  "policy_sha256": "216fbde21dcd5d349857bef8ef963e535d92aefee1e971e0de91d67385de43b7",
  "inherited_admission_sha256": "c673524fda1a41d472c6cafebca7e25dad5cd7bd5df99fa772dfdcd4ee8bd5bc",
  "inherited_smoke_sha256": "ac17c67b3fc411fce5cbdd53a855e75392d5bfd953b29a434e7237f135e7db9b",
  "pilot_execution_commit": "c1dd31eec7907c67348769b6a1811b89aa4011c0",
  "pilot_job_id": "4358147",
  "architecture": "MIMO",
  "backend": "upstream",
  "rank": 4,
  "chunk": 8,
  "TEST": "NOT_RUN",
  "test_evaluation_count": 0,
  "job_id": "4373393",
  "reservation_token": "d05f6a370b8fff1c5e441b496852f871",
  "reservation_sha256": "2e22bd86442fb931d6a993bc1efab8f6160e6da4ef5a2c47305019126f2a2642",
  "login_verification_sha256": "0d468f46ee1beb80a31ac9640ce1161ac426c035325ddf4c6ec67b07860483e0",
  "coverage_sha256": "d19a9ebdef16c6cfa9c535148096b0fd9b4cee5e818de335a3dbdbbaa21ec40c",
  "mode": "dual",
  "memory_mode": "no_memory",
  "seed": 2026,
  "run_id": "mamba3_time_memory_no_memory_seed2026_001",
  "targeted_gate_sha256": "faa22e470a768e081de25137832cffcd6fd2f0cdea57a792cfaa6b8316fa418e",
  "smoke_sha256": "ba90036c46b1aff8ed643733c985ad300ad1577b0fdb7b3de0904fcb3f6707a5",
  "status": "RUNNING",
  "stage": "SETUP",
  "scientific_fit_started": false,
  "history": [],
  "actual_epochs": 0,
  "started_at": "2026-10-03T16:25:21.848012+00:00",
  "epoch_indexing": "zero-based",
  "selection_split": "VALID",
  "evaluation_mode": "full-ranking",
  "history_length": 50,
  "kernel_length_for_max_history": 56,
  "timing_caveat": "Includes first-use JIT/cache effects, not warm-kernel latency"
}
