{
  "execution_attempt": "002",
  "retry_of_job": "4361071",
  "parent_execution_commit": "5eac7e22c05230f04dd87f3336dc426e093f6bd8",
  "parent_source_hash": "a7ef84b343f159c475ccb8a300c025318361b39e65bf3eab1f36d78a85760905",
  "parent_failure_evidence_sha256": "3e387d38937c6a1339b235b74df35fa06c31a9c3f111f52d597628ae43729b53",
  "parent_preservation_manifest_sha256": "845c256d29e94a1406eb4250c72f301b0f0e9e3c0e9434e835ae93161337f1c5",
  "retry_reason": "empty_progress_passed_to_final_case_constructor",
  "parent_scientific_fits": 0,
  "study_id": "mamba3_head_timescales_001",
  "execution_commit": "4724392c88a2298e57fa662cba33baa3ab9ecdbb",
  "source_hash": "0735c8689e3a0f962a0be7560c08d8ccbc6cf53089a6457151b8e8af40fd899e",
  "source_manifest_sha256": "e821099c31fdf5cd033dfe5ea002959fa8036e311ffdd465e18518331cc87c69",
  "plan_sha256": "7e157b12a4a90782bf56d433fdebe34f117c395879c75e39e0c121c3ca1ef140",
  "core_hash": "460bd3e687d26a458cafc21960391f83905da962ca5c992d6062c7b048f0a73f",
  "pinned_commit": "e9594ce1c732d97440f0332fdc43170a2294dbfa",
  "policy_version": "mimo_numeric_acceptance_v1",
  "policy_sha256": "216fbde21dcd5d349857bef8ef963e535d92aefee1e971e0de91d67385de43b7",
  "inherited_admission_sha256": "c673524fda1a41d472c6cafebca7e25dad5cd7bd5df99fa772dfdcd4ee8bd5bc",
  "inherited_smoke_sha256": "ac17c67b3fc411fce5cbdd53a855e75392d5bfd953b29a434e7237f135e7db9b",
  "pilot_execution_commit": "c1dd31eec7907c67348769b6a1811b89aa4011c0",
  "pilot_job_id": "4358147",
  "architecture": "MIMO",
  "backend": "upstream",
  "rank": 4,
  "chunk": 8,
  "TEST": "NOT_RUN",
  "test_evaluation_count": 0,
  "job_id": "4362620",
  "reservation_token": "c87f4812322cbf006c3c081ebf1c7f29",
  "reservation_sha256": "1cd091a64a66a8f18085d80fabfc4ed97bcc906301f0d7fdf83d62e6050ecc7a",
  "login_verification_sha256": "ce9f8e5db3733eee01f7426d4f6fa347ff16313e868e95a2f150cee4468ce742",
  "mode": "dual",
  "time_scale_mode": "fixed",
  "seed": 2026,
  "run_id": "mamba3_headtime_fixed_seed2026_001",
  "targeted_gate_sha256": "22a221b56a9cec4a88493c2827a943af65a46592f69a3deaabf14bc72992f51f",
  "smoke_sha256": "32b631ba67656ea4312388e9d35d662615d9b8820c87be10aba627e9912e3e93",
  "status": "RUNNING",
  "stage": "SETUP",
  "scientific_fit_started": false,
  "history": [],
  "actual_epochs": 0,
  "started_at": "2026-09-30T07:15:01.844937+00:00",
  "epoch_indexing": "zero-based",
  "selection_split": "VALID",
  "evaluation_mode": "full-ranking",
  "history_length": 50,
  "kernel_length_for_max_history": 56,
  "timing_caveat": "Includes first-use JIT/cache effects, not warm-kernel latency"
}
