{
  "execution_attempt": "001",
  "study_id": "mamba3_gap_trap_001",
  "execution_commit": "8ee54cf1faee22bb3abad3f31aa9268d77a125d1",
  "source_hash": "ad9e4591d570a223848c8588dc2e0fed104d6802fccc22e7f2e1c4cc4068ecd0",
  "source_manifest_sha256": "0706c40e72b4ddf328bfd6c3fa6fad74e7a858fa1daecb8b23def8a62a025175",
  "plan_sha256": "273a5260c3a7eab7c2e012586f2d1eb0849bf5cb3919b550323a9e9ec9e9f5ae",
  "core_hash": "460bd3e687d26a458cafc21960391f83905da962ca5c992d6062c7b048f0a73f",
  "pinned_commit": "e9594ce1c732d97440f0332fdc43170a2294dbfa",
  "policy_version": "mimo_numeric_acceptance_v1",
  "policy_sha256": "216fbde21dcd5d349857bef8ef963e535d92aefee1e971e0de91d67385de43b7",
  "inherited_admission_sha256": "c673524fda1a41d472c6cafebca7e25dad5cd7bd5df99fa772dfdcd4ee8bd5bc",
  "inherited_smoke_sha256": "ac17c67b3fc411fce5cbdd53a855e75392d5bfd953b29a434e7237f135e7db9b",
  "pilot_execution_commit": "c1dd31eec7907c67348769b6a1811b89aa4011c0",
  "pilot_job_id": "4358147",
  "architecture": "MIMO",
  "backend": "upstream",
  "rank": 4,
  "chunk": 8,
  "TEST": "NOT_RUN",
  "test_evaluation_count": 0,
  "job_id": "4370162",
  "reservation_token": "f3210773ccf9eda7b3e6247adbf0ee3e",
  "reservation_sha256": "c7224f0a4a184b1331ecc4dbf72343e9100195040324ac27bf4b2832afa56f91",
  "login_verification_sha256": "ee2f244bcaf6632e2b882a98a6db07f6cc92c60b12c39eb21ebfea3f6ee9611e",
  "mode": "dual",
  "gap_trap_mode": "fixed_replay",
  "seed": 2026,
  "run_id": "mamba3_gaptrap_fixed_replay_seed2026_001",
  "targeted_gate_sha256": "f4a4def548167f1d9b1d5ffbc529851955d90de16bbbc7fb775a0a93f83e9683",
  "smoke_sha256": "26063d12b355edb6175b00063c7aa10292567d90d0bad2d38afffb60bb3215bf",
  "status": "RUNNING",
  "stage": "SETUP",
  "scientific_fit_started": false,
  "history": [],
  "actual_epochs": 0,
  "started_at": "2026-10-02T12:33:41.928023+00:00",
  "epoch_indexing": "zero-based",
  "selection_split": "VALID",
  "evaluation_mode": "full-ranking",
  "history_length": 50,
  "kernel_length_for_max_history": 56,
  "timing_caveat": "Includes first-use JIT/cache effects, not warm-kernel latency"
}
