{
  "study_id": "mamba3_three_time_siso_confirmation_001",
  "execution_commit": "3d3b305c4c74e208cd226d3ed4ccec37b4fd8311",
  "source_hash": "0e93a9aec6d152f5f13dd5ccae30d8a761c09e552aecc4d7d884e573da8f7785",
  "core_hash": "460bd3e687d26a458cafc21960391f83905da962ca5c992d6062c7b048f0a73f",
  "pinned_commit": "e9594ce1c732d97440f0332fdc43170a2294dbfa",
  "backend": "upstream",
  "architecture": "SISO",
  "job_id": "4355052",
  "policy_version": "siso_numeric_acceptance_v1",
  "policy_sha256": "b40f72eae5895c379143e8ef590a66f7dab80b9b61e1f1349fcdf16efb509c50",
  "admission_sha256": "574826c7d8777058d5c87788b9adcd411c8f9ce88f872ae8dd31569f1cd885c7",
  "TEST": "NOT_RUN",
  "test_evaluation_count": 0,
  "login_verification_sha256": "babdf16e83d78d91334b18e5eb7d192581c51d886ec4236a2fd4ee4f946f364f",
  "execution_commit_verification": "login-verified identifier + runtime file SHA256; not runtime Git HEAD",
  "submission_attempt": 2,
  "mode": "triple",
  "seed": 2027,
  "run_id": "mamba3_three_time_confirm_siso_triple_seed2027_001",
  "status": "RUNNING",
  "stage": "SETUP",
  "scientific_fit_started": false,
  "started_at": "2026-09-27T08:35:59.413824+00:00",
  "epoch_indexing": "zero-based",
  "selection_split": "VALID",
  "evaluation_mode": "full-ranking",
  "one_batch_sha256": "ef8a03fe1b83ef5d5a10dfcb6877a62c2b54d450f48d4cfb20fbb017e3ae1c54",
  "initialization_sha256": "ad50042957f8cb8fc83096280202e53672fd62efe09fae5c47628ac04bedf6ab"
}
