{
  "attempt_id": "002",
  "job_id": "4338153",
  "execution_commit": "d0c8a2356b235981436715e2d340803e1a0951a0",
  "parent_execution_commit": "1bff0863e13c90161b6828c1905b2f5a0ab62a14",
  "source_hash": "c6470fb5ce3505b7209c4617b82d47cec351d965b592fb92c5afb56fa71ff07e",
  "plan_sha256": "d72caf7525ea925a2be0659f450ef6e3ccba34ee83b6bb1a8bd2ac86ce8f1a94"
}
