{
  "attempt_id": "003",
  "job_id": "4338500",
  "execution_commit": "3a9771f91bbdc8233eee83bb326a0731f3830373",
  "parent_execution_commit": "d0c8a2356b235981436715e2d340803e1a0951a0",
  "source_hash": "2b8164eb2381d9b7b2c15f2da932b0ae98dc22069d165e2e3fb62857dad9220a",
  "plan_sha256": "d1175598d728d4a4690cb6f2de39792cfbcf01812f67ad741fac72ee430fb35e"
}
